
Microsoft Visual Studio Solution File, Format Version 12.00
# Visual Studio Version 17
VisualStudioVersion = 17.4.33403.182
MinimumVisualStudioVersion = 10.0.40219.1
Project("{9A19103F-16F7-4668-BE54-9A1E7A4F7556}") = "Ecommerce.Api", "Ecommerce.Api\Ecommerce.Api.csproj", "{B2A7C1BD-A786-4584-AA26-FECC94B3B72D}"
EndProject
Project("{9A19103F-16F7-4668-BE54-9A1E7A4F7556}") = "Services", "Services\Services.csproj", "{B1BC22EE-A8E4-491A-B8F0-4B4DDC96A7F4}"
	ProjectSection(ProjectDependencies) = postProject
		{5F91C97F-2A1C-4501-B5E2-666216CD6F4D} = {5F91C97F-2A1C-4501-B5E2-666216CD6F4D}
	EndProjectSection
EndProject
Project("{FAE04EC0-301F-11D3-BF4B-00C04F79EFBC}") = "Ecommerce.Models", "Ecommerce.Models\Ecommerce.Models.csproj", "{5F91C97F-2A1C-4501-B5E2-666216CD6F4D}"
EndProject
Global
	GlobalSection(SolutionConfigurationPlatforms) = preSolution
		Debug|Any CPU = Debug|Any CPU
		Release|Any CPU = Release|Any CPU
	EndGlobalSection
	GlobalSection(ProjectConfigurationPlatforms) = postSolution
		{B2A7C1BD-A786-4584-AA26-FECC94B3B72D}.Debug|Any CPU.ActiveCfg = Debug|Any CPU
		{B2A7C1BD-A786-4584-AA26-FECC94B3B72D}.Debug|Any CPU.Build.0 = Debug|Any CPU
		{B2A7C1BD-A786-4584-AA26-FECC94B3B72D}.Release|Any CPU.ActiveCfg = Release|Any CPU
		{B2A7C1BD-A786-4584-AA26-FECC94B3B72D}.Release|Any CPU.Build.0 = Release|Any CPU
		{B1BC22EE-A8E4-491A-B8F0-4B4DDC96A7F4}.Debug|Any CPU.ActiveCfg = Debug|Any CPU
		{B1BC22EE-A8E4-491A-B8F0-4B4DDC96A7F4}.Debug|Any CPU.Build.0 = Debug|Any CPU
		{B1BC22EE-A8E4-491A-B8F0-4B4DDC96A7F4}.Release|Any CPU.ActiveCfg = Release|Any CPU
		{B1BC22EE-A8E4-491A-B8F0-4B4DDC96A7F4}.Release|Any CPU.Build.0 = Release|Any CPU
		{5F91C97F-2A1C-4501-B5E2-666216CD6F4D}.Debug|Any CPU.ActiveCfg = Debug|Any CPU
		{5F91C97F-2A1C-4501-B5E2-666216CD6F4D}.Debug|Any CPU.Build.0 = Debug|Any CPU
		{5F91C97F-2A1C-4501-B5E2-666216CD6F4D}.Release|Any CPU.ActiveCfg = Release|Any CPU
		{5F91C97F-2A1C-4501-B5E2-666216CD6F4D}.Release|Any CPU.Build.0 = Release|Any CPU
	EndGlobalSection
	GlobalSection(SolutionProperties) = preSolution
		HideSolutionNode = FALSE
	EndGlobalSection
	GlobalSection(ExtensibilityGlobals) = postSolution
		SolutionGuid = {6D28C973-996B-40AC-A88F-632797749057}
	EndGlobalSection
EndGlobal
